
Microsoft Visual Studio Solution File, Format Version 12.00
# Visual Studio 14
VisualStudioVersion = 14.0.25420.1
MinimumVisualStudioVersion = 10.0.40219.1
Project("{FAE04EC0-301F-11D3-BF4B-00C04F79EFBC}") = "ScriptExecutor", "ScriptExecutor.csproj", "{F1827F2B-CB53-4F45-9E00-46A9979F8D8D}"
EndProject
Global
	GlobalSection(SolutionConfigurationPlatforms) = preSolution
		Debug|Any CPU = Debug|Any CPU
		Release|Any CPU = Release|Any CPU
	EndGlobalSection
	GlobalSection(ProjectConfigurationPlatforms) = postSolution
		{F1827F2B-CB53-4F45-9E00-46A9979F8D8D}.Debug|Any CPU.ActiveCfg = Debug|Any CPU
		{F1827F2B-CB53-4F45-9E00-46A9979F8D8D}.Debug|Any CPU.Build.0 = Debug|Any CPU
		{F1827F2B-CB53-4F45-9E00-46A9979F8D8D}.Release|Any CPU.ActiveCfg = Release|Any CPU
		{F1827F2B-CB53-4F45-9E00-46A9979F8D8D}.Release|Any CPU.Build.0 = Release|Any CPU
	EndGlobalSection
	GlobalSection(SolutionProperties) = preSolution
		HideSolutionNode = FALSE
	EndGlobalSection
EndGlobal
